
Microsoft Visual Studio Solution File, Format Version 12.00
# Visual Studio Version 17
VisualStudioVersion = 17.5.002.0
MinimumVisualStudioVersion = 10.0.40219.1
Project("{9A19103F-16F7-4668-BE54-9A1E7A4F7556}") = "ViewBag", "ViewBag.csproj", "{15CF4B51-274F-438E-80A3-DBADE1F3143F}"
EndProject
Global
	GlobalSection(SolutionConfigurationPlatforms) = preSolution
		Debug|Any CPU = Debug|Any CPU
		Release|Any CPU = Release|Any CPU
	EndGlobalSection
	GlobalSection(ProjectConfigurationPlatforms) = postSolution
		{15CF4B51-274F-438E-80A3-DBADE1F3143F}.Debug|Any CPU.ActiveCfg = Debug|Any CPU
		{15CF4B51-274F-438E-80A3-DBADE1F3143F}.Debug|Any CPU.Build.0 = Debug|Any CPU
		{15CF4B51-274F-438E-80A3-DBADE1F3143F}.Release|Any CPU.ActiveCfg = Release|Any CPU
		{15CF4B51-274F-438E-80A3-DBADE1F3143F}.Release|Any CPU.Build.0 = Release|Any CPU
	EndGlobalSection
	GlobalSection(SolutionProperties) = preSolution
		HideSolutionNode = FALSE
	EndGlobalSection
	GlobalSection(ExtensibilityGlobals) = postSolution
		SolutionGuid = {785CC9A5-D6A4-4916-B948-75ECD2862E99}
	EndGlobalSection
EndGlobal
