
Microsoft Visual Studio Solution File, Format Version 12.00
# Visual Studio Version 17
VisualStudioVersion = 17.5.002.0
MinimumVisualStudioVersion = 10.0.40219.1
Project("{9A19103F-16F7-4668-BE54-9A1E7A4F7556}") = "LoginReg", "LoginReg.csproj", "{5775911A-AC19-458A-83C6-B3048C98FF49}"
EndProject
Global
	GlobalSection(SolutionConfigurationPlatforms) = preSolution
		Debug|Any CPU = Debug|Any CPU
		Release|Any CPU = Release|Any CPU
	EndGlobalSection
	GlobalSection(ProjectConfigurationPlatforms) = postSolution
		{5775911A-AC19-458A-83C6-B3048C98FF49}.Debug|Any CPU.ActiveCfg = Debug|Any CPU
		{5775911A-AC19-458A-83C6-B3048C98FF49}.Debug|Any CPU.Build.0 = Debug|Any CPU
		{5775911A-AC19-458A-83C6-B3048C98FF49}.Release|Any CPU.ActiveCfg = Release|Any CPU
		{5775911A-AC19-458A-83C6-B3048C98FF49}.Release|Any CPU.Build.0 = Release|Any CPU
	EndGlobalSection
	GlobalSection(SolutionProperties) = preSolution
		HideSolutionNode = FALSE
	EndGlobalSection
	GlobalSection(ExtensibilityGlobals) = postSolution
		SolutionGuid = {91848AA4-A3D2-4E87-8896-E4F02E4428B1}
	EndGlobalSection
EndGlobal
