
Microsoft Visual Studio Solution File, Format Version 12.00
# Visual Studio Version 17
VisualStudioVersion = 17.5.002.0
MinimumVisualStudioVersion = 10.0.40219.1
Project("{9A19103F-16F7-4668-BE54-9A1E7A4F7556}") = "ImagekitUpload", "ImagekitUpload.csproj", "{1DE2031B-83C5-4ECF-9917-518E1825417B}"
EndProject
Global
	GlobalSection(SolutionConfigurationPlatforms) = preSolution
		Debug|Any CPU = Debug|Any CPU
		Release|Any CPU = Release|Any CPU
	EndGlobalSection
	GlobalSection(ProjectConfigurationPlatforms) = postSolution
		{1DE2031B-83C5-4ECF-9917-518E1825417B}.Debug|Any CPU.ActiveCfg = Debug|Any CPU
		{1DE2031B-83C5-4ECF-9917-518E1825417B}.Debug|Any CPU.Build.0 = Debug|Any CPU
		{1DE2031B-83C5-4ECF-9917-518E1825417B}.Release|Any CPU.ActiveCfg = Release|Any CPU
		{1DE2031B-83C5-4ECF-9917-518E1825417B}.Release|Any CPU.Build.0 = Release|Any CPU
	EndGlobalSection
	GlobalSection(SolutionProperties) = preSolution
		HideSolutionNode = FALSE
	EndGlobalSection
	GlobalSection(ExtensibilityGlobals) = postSolution
		SolutionGuid = {E7C2334A-16F8-4119-B822-25B5B8D1931C}
	EndGlobalSection
EndGlobal
