
Microsoft Visual Studio Solution File, Format Version 12.00
# Visual Studio Version 17
VisualStudioVersion = 17.5.002.0
MinimumVisualStudioVersion = 10.0.40219.1
Project("{9A19103F-16F7-4668-BE54-9A1E7A4F7556}") = "RazorDeeperDive", "RazorDeeperDive.csproj", "{ECB5E93E-0769-46A5-9DE0-42B87642BBE3}"
EndProject
Global
	GlobalSection(SolutionConfigurationPlatforms) = preSolution
		Debug|Any CPU = Debug|Any CPU
		Release|Any CPU = Release|Any CPU
	EndGlobalSection
	GlobalSection(ProjectConfigurationPlatforms) = postSolution
		{ECB5E93E-0769-46A5-9DE0-42B87642BBE3}.Debug|Any CPU.ActiveCfg = Debug|Any CPU
		{ECB5E93E-0769-46A5-9DE0-42B87642BBE3}.Debug|Any CPU.Build.0 = Debug|Any CPU
		{ECB5E93E-0769-46A5-9DE0-42B87642BBE3}.Release|Any CPU.ActiveCfg = Release|Any CPU
		{ECB5E93E-0769-46A5-9DE0-42B87642BBE3}.Release|Any CPU.Build.0 = Release|Any CPU
	EndGlobalSection
	GlobalSection(SolutionProperties) = preSolution
		HideSolutionNode = FALSE
	EndGlobalSection
	GlobalSection(ExtensibilityGlobals) = postSolution
		SolutionGuid = {E19A58B0-212F-4235-BEA4-B2CEC6E5B09B}
	EndGlobalSection
EndGlobal
