
Microsoft Visual Studio Solution File, Format Version 12.00
# Visual Studio Version 17
VisualStudioVersion = 17.5.002.0
MinimumVisualStudioVersion = 10.0.40219.1
Project("{9A19103F-16F7-4668-BE54-9A1E7A4F7556}") = "InterfacesAndAbstractClassesExercise", "InterfacesAndAbstractClassesExercise.csproj", "{503D3E76-2080-4229-A1A6-4E6411104B69}"
EndProject
Global
	GlobalSection(SolutionConfigurationPlatforms) = preSolution
		Debug|Any CPU = Debug|Any CPU
		Release|Any CPU = Release|Any CPU
	EndGlobalSection
	GlobalSection(ProjectConfigurationPlatforms) = postSolution
		{503D3E76-2080-4229-A1A6-4E6411104B69}.Debug|Any CPU.ActiveCfg = Debug|Any CPU
		{503D3E76-2080-4229-A1A6-4E6411104B69}.Debug|Any CPU.Build.0 = Debug|Any CPU
		{503D3E76-2080-4229-A1A6-4E6411104B69}.Release|Any CPU.ActiveCfg = Release|Any CPU
		{503D3E76-2080-4229-A1A6-4E6411104B69}.Release|Any CPU.Build.0 = Release|Any CPU
	EndGlobalSection
	GlobalSection(SolutionProperties) = preSolution
		HideSolutionNode = FALSE
	EndGlobalSection
	GlobalSection(ExtensibilityGlobals) = postSolution
		SolutionGuid = {8E23E3AD-3DB5-42D3-975B-CCD471017068}
	EndGlobalSection
EndGlobal
